
Microsoft Visual Studio Solution File, Format Version 12.00
# Visual Studio Version 17
VisualStudioVersion = 17.9.34728.123
MinimumVisualStudioVersion = 10.0.40219.1
Project("{FAE04EC0-301F-11D3-BF4B-00C04F79EFBC}") = "FallFix", "FallFix.csproj", "{EC686FCE-7B90-48E6-B4F8-DB032D27DE08}"
EndProject
Global
	GlobalSection(SolutionConfigurationPlatforms) = preSolution
		Debug|Any CPU = Debug|Any CPU
		Release|Any CPU = Release|Any CPU
	EndGlobalSection
	GlobalSection(ProjectConfigurationPlatforms) = postSolution
		{EC686FCE-7B90-48E6-B4F8-DB032D27DE08}.Debug|Any CPU.ActiveCfg = Debug|Any CPU
		{EC686FCE-7B90-48E6-B4F8-DB032D27DE08}.Debug|Any CPU.Build.0 = Debug|Any CPU
		{EC686FCE-7B90-48E6-B4F8-DB032D27DE08}.Release|Any CPU.ActiveCfg = Release|Any CPU
		{EC686FCE-7B90-48E6-B4F8-DB032D27DE08}.Release|Any CPU.Build.0 = Release|Any CPU
	EndGlobalSection
	GlobalSection(SolutionProperties) = preSolution
		HideSolutionNode = FALSE
	EndGlobalSection
	GlobalSection(ExtensibilityGlobals) = postSolution
		SolutionGuid = {63A3BD26-6EDB-4538-90D1-7B783E8DBFC2}
	EndGlobalSection
EndGlobal
